// !$*UTF8*$!
{
	archiveVersion = 1;
	classes = {
	};
	objectVersion = 46;
	objects = {

/* Begin PBXBuildFile section */
		01A909D71E36EBC30020564A /* main.m in Sources */ = {isa = PBXBuildFile; fileRef = 01A909D61E36EBC30020564A /* main.m */; };
		01A909DA1E36EBC30020564A /* AppDelegate.m in Sources */ = {isa = PBXBuildFile; fileRef = 01A909D91E36EBC30020564A /* AppDelegate.m */; };
		01A909DD1E36EBC30020564A /* ViewController.m in Sources */ = {isa = PBXBuildFile; fileRef = 01A909DC1E36EBC30020564A /* ViewController.m */; };
		01A909E01E36EBC30020564A /* Main.storyboard in Resources */ = {isa = PBXBuildFile; fileRef = 01A909DE1E36EBC30020564A /* Main.storyboard */; };
		01A909E21E36EBC30020564A /* Assets.xcassets in Resources */ = {isa = PBXBuildFile; fileRef = 01A909E11E36EBC30020564A /* Assets.xcassets */; };
		01A909E51E36EBC30020564A /* LaunchScreen.storyboard in Resources */ = {isa = PBXBuildFile; fileRef = 01A909E31E36EBC30020564A /* LaunchScreen.storyboard */; };
		01A909F11E36F04A0020564A /* UIDatePicker+TPGSetTextColor.m in Sources */ = {isa = PBXBuildFile; fileRef = 01A909F01E36F04A0020564A /* UIDatePicker+TPGSetTextColor.m */; };
		01A909F81E36F5390020564A /* libz.tbd in Frameworks */ = {isa = PBXBuildFile; fileRef = 01A909F71E36F5390020564A /* libz.tbd */; };
		01A909FA1E36F53F0020564A /* libbz2.tbd in Frameworks */ = {isa = PBXBuildFile; fileRef = 01A909F91E36F53F0020564A /* libbz2.tbd */; };
		01A909FC1E36F5480020564A /* AudioToolbox.framework in Frameworks */ = {isa = PBXBuildFile; fileRef = 01A909FB1E36F5480020564A /* AudioToolbox.framework */; };
		01A909FE1E36F54F0020564A /* AVFoundation.framework in Frameworks */ = {isa = PBXBuildFile; fileRef = 01A909FD1E36F54F0020564A /* AVFoundation.framework */; };
		01A90A001E36F5560020564A /* CoreGraphics.framework in Frameworks */ = {isa = PBXBuildFile; fileRef = 01A909FF1E36F5560020564A /* CoreGraphics.framework */; };
		01A90A021E36F55E0020564A /* CoreMedia.framework in Frameworks */ = {isa = PBXBuildFile; fileRef = 01A90A011E36F55E0020564A /* CoreMedia.framework */; };
		01A90A041E36F5640020564A /* CoreVideo.framework in Frameworks */ = {isa = PBXBuildFile; fileRef = 01A90A031E36F5640020564A /* CoreVideo.framework */; };
		01A90A061E36F56D0020564A /* MediaPlayer.framework in Frameworks */ = {isa = PBXBuildFile; fileRef = 01A90A051E36F56D0020564A /* MediaPlayer.framework */; };
		01A90A081E36F5770020564A /* MobileCoreServices.framework in Frameworks */ = {isa = PBXBuildFile; fileRef = 01A90A071E36F5770020564A /* MobileCoreServices.framework */; };
		01A90A0A1E36F57F0020564A /* OpenGLES.framework in Frameworks */ = {isa = PBXBuildFile; fileRef = 01A90A091E36F57F0020564A /* OpenGLES.framework */; };
		01A90A0C1E36F5880020564A /* QuartzCore.framework in Frameworks */ = {isa = PBXBuildFile; fileRef = 01A90A0B1E36F5880020564A /* QuartzCore.framework */; };
		01A90A0E1E36F5900020564A /* UIKit.framework in Frameworks */ = {isa = PBXBuildFile; fileRef = 01A90A0D1E36F5900020564A /* UIKit.framework */; };
		01A90A101E36F59A0020564A /* VideoToolbox.framework in Frameworks */ = {isa = PBXBuildFile; fileRef = 01A90A0F1E36F59A0020564A /* VideoToolbox.framework */; };
		01A90A151E36F7380020564A /* IJKMediaFramework.framework in Frameworks */ = {isa = PBXBuildFile; fileRef = 01A90A141E36F7380020564A /* IJKMediaFramework.framework */; };
/* End PBXBuildFile section */

/* Begin PBXFileReference section */
		01A909D21E36EBC30020564A /* TestForChangeDatePickerTextColor.app */ = {isa = PBXFileReference; explicitFileType = wrapper.application; includeInIndex = 0; path = TestForChangeDatePickerTextColor.app; sourceTree = BUILT_PRODUCTS_DIR; };
		01A909D61E36EBC30020564A /* main.m */ = {isa = PBXFileReference; lastKnownFileType = sourcecode.c.objc; path = main.m; sourceTree = "<group>"; };
		01A909D81E36EBC30020564A /* AppDelegate.h */ = {isa = PBXFileReference; lastKnownFileType = sourcecode.c.h; path = AppDelegate.h; sourceTree = "<group>"; };
		01A909D91E36EBC30020564A /* AppDelegate.m */ = {isa = PBXFileReference; lastKnownFileType = sourcecode.c.objc; path = AppDelegate.m; sourceTree = "<group>"; };
		01A909DB1E36EBC30020564A /* ViewController.h */ = {isa = PBXFileReference; lastKnownFileType = sourcecode.c.h; path = ViewController.h; sourceTree = "<group>"; };
		01A909DC1E36EBC30020564A /* ViewController.m */ = {isa = PBXFileReference; lastKnownFileType = sourcecode.c.objc; path = ViewController.m; sourceTree = "<group>"; };
		01A909DF1E36EBC30020564A /* Base */ = {isa = PBXFileReference; lastKnownFileType = file.storyboard; name = Base; path = Base.lproj/Main.storyboard; sourceTree = "<group>"; };
		01A909E11E36EBC30020564A /* Assets.xcassets */ = {isa = PBXFileReference; lastKnownFileType = folder.assetcatalog; path = Assets.xcassets; sourceTree = "<group>"; };
		01A909E41E36EBC30020564A /* Base */ = {isa = PBXFileReference; lastKnownFileType = file.storyboard; name = Base; path = Base.lproj/LaunchScreen.storyboard; sourceTree = "<group>"; };
		01A909E61E36EBC30020564A /* Info.plist */ = {isa = PBXFileReference; lastKnownFileType = text.plist.xml; path = Info.plist; sourceTree = "<group>"; };
		01A909EF1E36F04A0020564A /* UIDatePicker+TPGSetTextColor.h */ = {isa = PBXFileReference; fileEncoding = 4; lastKnownFileType = sourcecode.c.h; path = "UIDatePicker+TPGSetTextColor.h"; sourceTree = "<group>"; };
		01A909F01E36F04A0020564A /* UIDatePicker+TPGSetTextColor.m */ = {isa = PBXFileReference; fileEncoding = 4; lastKnownFileType = sourcecode.c.objc; path = "UIDatePicker+TPGSetTextColor.m"; sourceTree = "<group>"; };
		01A909F71E36F5390020564A /* libz.tbd */ = {isa = PBXFileReference; lastKnownFileType = "sourcecode.text-based-dylib-definition"; name = libz.tbd; path = usr/lib/libz.tbd; sourceTree = SDKROOT; };
		01A909F91E36F53F0020564A /* libbz2.tbd */ = {isa = PBXFileReference; lastKnownFileType = "sourcecode.text-based-dylib-definition"; name = libbz2.tbd; path = usr/lib/libbz2.tbd; sourceTree = SDKROOT; };
		01A909FB1E36F5480020564A /* AudioToolbox.framework */ = {isa = PBXFileReference; lastKnownFileType = wrapper.framework; name = AudioToolbox.framework; path = System/Library/Frameworks/AudioToolbox.framework; sourceTree = SDKROOT; };
		01A909FD1E36F54F0020564A /* AVFoundation.framework */ = {isa = PBXFileReference; lastKnownFileType = wrapper.framework; name = AVFoundation.framework; path = System/Library/Frameworks/AVFoundation.framework; sourceTree = SDKROOT; };
		01A909FF1E36F5560020564A /* CoreGraphics.framework */ = {isa = PBXFileReference; lastKnownFileType = wrapper.framework; name = CoreGraphics.framework; path = System/Library/Frameworks/CoreGraphics.framework; sourceTree = SDKROOT; };
		01A90A011E36F55E0020564A /* CoreMedia.framework */ = {isa = PBXFileReference; lastKnownFileType = wrapper.framework; name = CoreMedia.framework; path = System/Library/Frameworks/CoreMedia.framework; sourceTree = SDKROOT; };
		01A90A031E36F5640020564A /* CoreVideo.framework */ = {isa = PBXFileReference; lastKnownFileType = wrapper.framework; name = CoreVideo.framework; path = System/Library/Frameworks/CoreVideo.framework; sourceTree = SDKROOT; };
		01A90A051E36F56D0020564A /* MediaPlayer.framework */ = {isa = PBXFileReference; lastKnownFileType = wrapper.framework; name = MediaPlayer.framework; path = System/Library/Frameworks/MediaPlayer.framework; sourceTree = SDKROOT; };
		01A90A071E36F5770020564A /* MobileCoreServices.framework */ = {isa = PBXFileReference; lastKnownFileType = wrapper.framework; name = MobileCoreServices.framework; path = System/Library/Frameworks/MobileCoreServices.framework; sourceTree = SDKROOT; };
		01A90A091E36F57F0020564A /* OpenGLES.framework */ = {isa = PBXFileReference; lastKnownFileType = wrapper.framework; name = OpenGLES.framework; path = System/Library/Frameworks/OpenGLES.framework; sourceTree = SDKROOT; };
		01A90A0B1E36F5880020564A /* QuartzCore.framework */ = {isa = PBXFileReference; lastKnownFileType = wrapper.framework; name = QuartzCore.framework; path = System/Library/Frameworks/QuartzCore.framework; sourceTree = SDKROOT; };
		01A90A0D1E36F5900020564A /* UIKit.framework */ = {isa = PBXFileReference; lastKnownFileType = wrapper.framework; name = UIKit.framework; path = System/Library/Frameworks/UIKit.framework; sourceTree = SDKROOT; };
		01A90A0F1E36F59A0020564A /* VideoToolbox.framework */ = {isa = PBXFileReference; lastKnownFileType = wrapper.framework; name = VideoToolbox.framework; path = System/Library/Frameworks/VideoToolbox.framework; sourceTree = SDKROOT; };
		01A90A141E36F7380020564A /* IJKMediaFramework.framework */ = {isa = PBXFileReference; lastKnownFileType = wrapper.framework; name = IJKMediaFramework.framework; path = TestForChangeDatePickerTextColor/Framework/IJKMediaFramework.framework; sourceTree = "<group>"; };
/* End PBXFileReference section */

/* Begin PBXFrameworksBuildPhase section */
		01A909CF1E36EBC30020564A /* Frameworks */ = {
			isa = PBXFrameworksBuildPhase;
			buildActionMask = 2147483647;
			files = (
				01A90A101E36F59A0020564A /* VideoToolbox.framework in Frameworks */,
				01A90A0E1E36F5900020564A /* UIKit.framework in Frameworks */,
				01A90A0C1E36F5880020564A /* QuartzCore.framework in Frameworks */,
				01A90A0A1E36F57F0020564A /* OpenGLES.framework in Frameworks */,
				01A90A081E36F5770020564A /* MobileCoreServices.framework in Frameworks */,
				01A90A061E36F56D0020564A /* MediaPlayer.framework in Frameworks */,
				01A90A041E36F5640020564A /* CoreVideo.framework in Frameworks */,
				01A90A021E36F55E0020564A /* CoreMedia.framework in Frameworks */,
				01A90A001E36F5560020564A /* CoreGraphics.framework in Frameworks */,
				01A909FE1E36F54F0020564A /* AVFoundation.framework in Frameworks */,
				01A909FC1E36F5480020564A /* AudioToolbox.framework in Frameworks */,
				01A909FA1E36F53F0020564A /* libbz2.tbd in Frameworks */,
				01A909F81E36F5390020564A /* libz.tbd in Frameworks */,
				01A90A151E36F7380020564A /* IJKMediaFramework.framework in Frameworks */,
			);
			runOnlyForDeploymentPostprocessing = 0;
		};
/* End PBXFrameworksBuildPhase section */

/* Begin PBXGroup section */
		01A909C91E36EBC30020564A = {
			isa = PBXGroup;
			children = (
				01A909D41E36EBC30020564A /* TestForChangeDatePickerTextColor */,
				01A909D31E36EBC30020564A /* Products */,
				01A909F61E36F5390020564A /* Frameworks */,
			);
			sourceTree = "<group>";
		};
		01A909D31E36EBC30020564A /* Products */ = {
			isa = PBXGroup;
			children = (
				01A909D21E36EBC30020564A /* TestForChangeDatePickerTextColor.app */,
			);
			name = Products;
			sourceTree = "<group>";
		};
		01A909D41E36EBC30020564A /* TestForChangeDatePickerTextColor */ = {
			isa = PBXGroup;
			children = (
				01A909D81E36EBC30020564A /* AppDelegate.h */,
				01A909D91E36EBC30020564A /* AppDelegate.m */,
				01A909DB1E36EBC30020564A /* ViewController.h */,
				01A909DC1E36EBC30020564A /* ViewController.m */,
				01A909DE1E36EBC30020564A /* Main.storyboard */,
				01A909E11E36EBC30020564A /* Assets.xcassets */,
				01A909E31E36EBC30020564A /* LaunchScreen.storyboard */,
				01A909E61E36EBC30020564A /* Info.plist */,
				01A909D51E36EBC30020564A /* Supporting Files */,
				01A909EF1E36F04A0020564A /* UIDatePicker+TPGSetTextColor.h */,
				01A909F01E36F04A0020564A /* UIDatePicker+TPGSetTextColor.m */,
			);
			path = TestForChangeDatePickerTextColor;
			sourceTree = "<group>";
		};
		01A909D51E36EBC30020564A /* Supporting Files */ = {
			isa = PBXGroup;
			children = (
				01A909D61E36EBC30020564A /* main.m */,
			);
			name = "Supporting Files";
			sourceTree = "<group>";
		};
		01A909F61E36F5390020564A /* Frameworks */ = {
			isa = PBXGroup;
			children = (
				01A90A141E36F7380020564A /* IJKMediaFramework.framework */,
				01A90A0F1E36F59A0020564A /* VideoToolbox.framework */,
				01A90A0D1E36F5900020564A /* UIKit.framework */,
				01A90A0B1E36F5880020564A /* QuartzCore.framework */,
				01A90A091E36F57F0020564A /* OpenGLES.framework */,
				01A90A071E36F5770020564A /* MobileCoreServices.framework */,
				01A90A051E36F56D0020564A /* MediaPlayer.framework */,
				01A90A031E36F5640020564A /* CoreVideo.framework */,
				01A90A011E36F55E0020564A /* CoreMedia.framework */,
				01A909FF1E36F5560020564A /* CoreGraphics.framework */,
				01A909FD1E36F54F0020564A /* AVFoundation.framework */,
				01A909FB1E36F5480020564A /* AudioToolbox.framework */,
				01A909F91E36F53F0020564A /* libbz2.tbd */,
				01A909F71E36F5390020564A /* libz.tbd */,
			);
			name = Frameworks;
			sourceTree = "<group>";
		};
/* End PBXGroup section */

/* Begin PBXNativeTarget section */
		01A909D11E36EBC30020564A /* TestForChangeDatePickerTextColor */ = {
			isa = PBXNativeTarget;
			buildConfigurationList = 01A909E91E36EBC30020564A /* Build configuration list for PBXNativeTarget "TestForChangeDatePickerTextColor" */;
			buildPhases = (
				01A909CE1E36EBC30020564A /* Sources */,
				01A909CF1E36EBC30020564A /* Frameworks */,
				01A909D01E36EBC30020564A /* Resources */,
			);
			buildRules = (
			);
			dependencies = (
			);
			name = TestForChangeDatePickerTextColor;
			productName = TestForChangeDatePickerTextColor;
			productReference = 01A909D21E36EBC30020564A /* TestForChangeDatePickerTextColor.app */;
			productType = "com.apple.product-type.application";
		};
/* End PBXNativeTarget section */

/* Begin PBXProject section */
		01A909CA1E36EBC30020564A /* Project object */ = {
			isa = PBXProject;
			attributes = {
				LastUpgradeCheck = 0800;
				ORGANIZATIONNAME = suma;
				TargetAttributes = {
					01A909D11E36EBC30020564A = {
						CreatedOnToolsVersion = 8.0;
						ProvisioningStyle = Automatic;
					};
				};
			};
			buildConfigurationList = 01A909CD1E36EBC30020564A /* Build configuration list for PBXProject "TestForChangeDatePickerTextColor" */;
			compatibilityVersion = "Xcode 3.2";
			developmentRegion = English;
			hasScannedForEncodings = 0;
			knownRegions = (
				en,
				Base,
			);
			mainGroup = 01A909C91E36EBC30020564A;
			productRefGroup = 01A909D31E36EBC30020564A /* Products */;
			projectDirPath = "";
			projectRoot = "";
			targets = (
				01A909D11E36EBC30020564A /* TestForChangeDatePickerTextColor */,
			);
		};
/* End PBXProject section */

/* Begin PBXResourcesBuildPhase section */
		01A909D01E36EBC30020564A /* Resources */ = {
			isa = PBXResourcesBuildPhase;
			buildActionMask = 2147483647;
			files = (
				01A909E51E36EBC30020564A /* LaunchScreen.storyboard in Resources */,
				01A909E21E36EBC30020564A /* Assets.xcassets in Resources */,
				01A909E01E36EBC30020564A /* Main.storyboard in Resources */,
			);
			runOnlyForDeploymentPostprocessing = 0;
		};
/* End PBXResourcesBuildPhase section */

/* Begin PBXSourcesBuildPhase section */
		01A909CE1E36EBC30020564A /* Sources */ = {
			isa = PBXSourcesBuildPhase;
			buildActionMask = 2147483647;
			files = (
				01A909DD1E36EBC30020564A /* ViewController.m in Sources */,
				01A909F11E36F04A0020564A /* UIDatePicker+TPGSetTextColor.m in Sources */,
				01A909DA1E36EBC30020564A /* AppDelegate.m in Sources */,
				01A909D71E36EBC30020564A /* main.m in Sources */,
			);
			runOnlyForDeploymentPostprocessing = 0;
		};
/* End PBXSourcesBuildPhase section */

/* Begin PBXVariantGroup section */
		01A909DE1E36EBC30020564A /* Main.storyboard */ = {
			isa = PBXVariantGroup;
			children = (
				01A909DF1E36EBC30020564A /* Base */,
			);
			name = Main.storyboard;
			sourceTree = "<group>";
		};
		01A909E31E36EBC30020564A /* LaunchScreen.storyboard */ = {
			isa = PBXVariantGroup;
			children = (
				01A909E41E36EBC30020564A /* Base */,
			);
			name = LaunchScreen.storyboard;
			sourceTree = "<group>";
		};
/* End PBXVariantGroup section */

/* Begin XCBuildConfiguration section */
		01A909E71E36EBC30020564A /* Debug */ = {
			isa = XCBuildConfiguration;
			buildSettings = {
				ALWAYS_SEARCH_USER_PATHS = NO;
				CLANG_ANALYZER_NONNULL = YES;
				CLANG_CXX_LANGUAGE_STANDARD = "gnu++0x";
				CLANG_CXX_LIBRARY = "libc++";
				CLANG_ENABLE_MODULES = YES;
				CLANG_ENABLE_OBJC_ARC = YES;
				CLANG_WARN_BOOL_CONVERSION = YES;
				CLANG_WARN_CONSTANT_CONVERSION = YES;
				CLANG_WARN_DIRECT_OBJC_ISA_USAGE = YES_ERROR;
				CLANG_WARN_DOCUMENTATION_COMMENTS = YES;
				CLANG_WARN_EMPTY_BODY = YES;
				CLANG_WARN_ENUM_CONVERSION = YES;
				CLANG_WARN_INFINITE_RECURSION = YES;
				CLANG_WARN_INT_CONVERSION = YES;
				CLANG_WARN_OBJC_ROOT_CLASS = YES_ERROR;
				CLANG_WARN_SUSPICIOUS_MOVES = YES;
				CLANG_WARN_UNREACHABLE_CODE = YES;
				CLANG_WARN__DUPLICATE_METHOD_MATCH = YES;
				"CODE_SIGN_IDENTITY[sdk=iphoneos*]" = "iPhone Developer";
				COPY_PHASE_STRIP = NO;
				DEBUG_INFORMATION_FORMAT = dwarf;
				ENABLE_STRICT_OBJC_MSGSEND = YES;
				ENABLE_TESTABILITY = YES;
				GCC_C_LANGUAGE_STANDARD = gnu99;
				GCC_DYNAMIC_NO_PIC = NO;
				GCC_NO_COMMON_BLOCKS = YES;
				GCC_OPTIMIZATION_LEVEL = 0;
				GCC_PREPROCESSOR_DEFINITIONS = (
					"DEBUG=1",
					"$(inherited)",
				);
				GCC_WARN_64_TO_32_BIT_CONVERSION = YES;
				GCC_WARN_ABOUT_RETURN_TYPE = YES_ERROR;
				GCC_WARN_UNDECLARED_SELECTOR = YES;
				GCC_WARN_UNINITIALIZED_AUTOS = YES_AGGRESSIVE;
				GCC_WARN_UNUSED_FUNCTION = YES;
				GCC_WARN_UNUSED_VARIABLE = YES;
				IPHONEOS_DEPLOYMENT_TARGET = 10.0;
				MTL_ENABLE_DEBUG_INFO = YES;
				ONLY_ACTIVE_ARCH = YES;
				SDKROOT = iphoneos;
			};
			name = Debug;
		};
		01A909E81E36EBC30020564A /* Release */ = {
			isa = XCBuildConfiguration;
			buildSettings = {
				ALWAYS_SEARCH_USER_PATHS = NO;
				CLANG_ANALYZER_NONNULL = YES;
				CLANG_CXX_LANGUAGE_STANDARD = "gnu++0x";
				CLANG_CXX_LIBRARY = "libc++";
				CLANG_ENABLE_MODULES = YES;
				CLANG_ENABLE_OBJC_ARC = YES;
				CLANG_WARN_BOOL_CONVERSION = YES;
				CLANG_WARN_CONSTANT_CONVERSION = YES;
				CLANG_WARN_DIRECT_OBJC_ISA_USAGE = YES_ERROR;
				CLANG_WARN_DOCUMENTATION_COMMENTS = YES;
				CLANG_WARN_EMPTY_BODY = YES;
				CLANG_WARN_ENUM_CONVERSION = YES;
				CLANG_WARN_INFINITE_RECURSION = YES;
				CLANG_WARN_INT_CONVERSION = YES;
				CLANG_WARN_OBJC_ROOT_CLASS = YES_ERROR;
				CLANG_WARN_SUSPICIOUS_MOVES = YES;
				CLANG_WARN_UNREACHABLE_CODE = YES;
				CLANG_WARN__DUPLICATE_METHOD_MATCH = YES;
				"CODE_SIGN_IDENTITY[sdk=iphoneos*]" = "iPhone Developer";
				COPY_PHASE_STRIP = NO;
				DEBUG_INFORMATION_FORMAT = "dwarf-with-dsym";
				ENABLE_NS_ASSERTIONS = NO;
				ENABLE_STRICT_OBJC_MSGSEND = YES;
				GCC_C_LANGUAGE_STANDARD = gnu99;
				GCC_NO_COMMON_BLOCKS = YES;
				GCC_WARN_64_TO_32_BIT_CONVERSION = YES;
				GCC_WARN_ABOUT_RETURN_TYPE = YES_ERROR;
				GCC_WARN_UNDECLARED_SELECTOR = YES;
				GCC_WARN_UNINITIALIZED_AUTOS = YES_AGGRESSIVE;
				GCC_WARN_UNUSED_FUNCTION = YES;
				GCC_WARN_UNUSED_VARIABLE = YES;
				IPHONEOS_DEPLOYMENT_TARGET = 10.0;
				MTL_ENABLE_DEBUG_INFO = NO;
				SDKROOT = iphoneos;
				VALIDATE_PRODUCT = YES;
			};
			name = Release;
		};
		01A909EA1E36EBC30020564A /* Debug */ = {
			isa = XCBuildConfiguration;
			buildSettings = {
				ASSETCATALOG_COMPILER_APPICON_NAME = AppIcon;
				FRAMEWORK_SEARCH_PATHS = (
					"$(inherited)",
					"$(PROJECT_DIR)/TestForChangeDatePickerTextColor/Framework",
				);
				HEADER_SEARCH_PATHS = "";
				INFOPLIST_FILE = TestForChangeDatePickerTextColor/Info.plist;
				IPHONEOS_DEPLOYMENT_TARGET = 8.0;
				LD_RUNPATH_SEARCH_PATHS = "$(inherited) @executable_path/Frameworks";
				PRODUCT_BUNDLE_IDENTIFIER = com.new.TestForChangeDatePickerTextColor;
				PRODUCT_NAME = "$(TARGET_NAME)";
			};
			name = Debug;
		};
		01A909EB1E36EBC30020564A /* Release */ = {
			isa = XCBuildConfiguration;
			buildSettings = {
				ASSETCATALOG_COMPILER_APPICON_NAME = AppIcon;
				FRAMEWORK_SEARCH_PATHS = (
					"$(inherited)",
					"$(PROJECT_DIR)/TestForChangeDatePickerTextColor/Framework",
				);
				HEADER_SEARCH_PATHS = "";
				INFOPLIST_FILE = TestForChangeDatePickerTextColor/Info.plist;
				IPHONEOS_DEPLOYMENT_TARGET = 8.0;
				LD_RUNPATH_SEARCH_PATHS = "$(inherited) @executable_path/Frameworks";
				PRODUCT_BUNDLE_IDENTIFIER = com.new.TestForChangeDatePickerTextColor;
				PRODUCT_NAME = "$(TARGET_NAME)";
			};
			name = Release;
		};
/* End XCBuildConfiguration section */

/* Begin XCConfigurationList section */
		01A909CD1E36EBC30020564A /* Build configuration list for PBXProject "TestForChangeDatePickerTextColor" */ = {
			isa = XCConfigurationList;
			buildConfigurations = (
				01A909E71E36EBC30020564A /* Debug */,
				01A909E81E36EBC30020564A /* Release */,
			);
			defaultConfigurationIsVisible = 0;
			defaultConfigurationName = Release;
		};
		01A909E91E36EBC30020564A /* Build configuration list for PBXNativeTarget "TestForChangeDatePickerTextColor" */ = {
			isa = XCConfigurationList;
			buildConfigurations = (
				01A909EA1E36EBC30020564A /* Debug */,
				01A909EB1E36EBC30020564A /* Release */,
			);
			defaultConfigurationIsVisible = 0;
		};
/* End XCConfigurationList section */
	};
	rootObject = 01A909CA1E36EBC30020564A /* Project object */;
}
